
Microsoft Visual Studio Solution File, Format Version 12.00
# Visual Studio Version 16
VisualStudioVersion = 16.0.30907.101
MinimumVisualStudioVersion = 10.0.40219.1
Project("{888888A0-9F3D-457C-B088-3A5042F75D52}") = "Homework1", "PythonApplication1\Homework1.pyproj", "{A1253908-8E72-4415-903C-1C3CF87AAFDE}"
EndProject
Global
	GlobalSection(SolutionConfigurationPlatforms) = preSolution
		Debug|Any CPU = Debug|Any CPU
		Release|Any CPU = Release|Any CPU
	EndGlobalSection
	GlobalSection(ProjectConfigurationPlatforms) = postSolution
		{A1253908-8E72-4415-903C-1C3CF87AAFDE}.Debug|Any CPU.ActiveCfg = Debug|Any CPU
		{A1253908-8E72-4415-903C-1C3CF87AAFDE}.Release|Any CPU.ActiveCfg = Release|Any CPU
	EndGlobalSection
	GlobalSection(SolutionProperties) = preSolution
		HideSolutionNode = FALSE
	EndGlobalSection
	GlobalSection(ExtensibilityGlobals) = postSolution
		SolutionGuid = {8DD97B9F-0831-40A3-BBD6-CACF556A1B43}
	EndGlobalSection
EndGlobal
